PODS:
  - JSONModel (1.2.0)
  - WLKit (0.1.0):
    - JSONModel

DEPENDENCIES:
  - WLKit (from `../`)

EXTERNAL SOURCES:
  WLKit:
    :path: ../

SPEC CHECKSUMS:
  JSONModel: 12523685c4b623553ccf844bbbf7007624317b2c
  WLKit: 366fae328bb6756ed981f4c1d51e2e4278f3f5a0

PODFILE CHECKSUM: 53801dca2d0b46de23b1b243b8f3bd6c859ac3fa

COCOAPODS: 1.0.0.beta.2
